
Microsoft Visual Studio Solution File, Format Version 12.00
# Visual Studio Version 16
VisualStudioVersion = 16.0.28922.388
MinimumVisualStudioVersion = 10.0.40219.1
Project("{8BC9CEB8-8B4A-11D0-8D11-00A0C91BC942}") = "布隆过滤器", "布隆过滤器.vcxproj", "{3BDB0F52-CE4F-4B82-874F-135037274D03}"
EndProject
Global
	GlobalSection(SolutionConfigurationPlatforms) = preSolution
		Debug|x64 = Debug|x64
		Debug|x86 = Debug|x86
		Release|x64 = Release|x64
		Release|x86 = Release|x86
	EndGlobalSection
	GlobalSection(ProjectConfigurationPlatforms) = postSolution
		{3BDB0F52-CE4F-4B82-874F-135037274D03}.Debug|x64.ActiveCfg = Debug|x64
		{3BDB0F52-CE4F-4B82-874F-135037274D03}.Debug|x64.Build.0 = Debug|x64
		{3BDB0F52-CE4F-4B82-874F-135037274D03}.Debug|x86.ActiveCfg = Debug|Win32
		{3BDB0F52-CE4F-4B82-874F-135037274D03}.Debug|x86.Build.0 = Debug|Win32
		{3BDB0F52-CE4F-4B82-874F-135037274D03}.Release|x64.ActiveCfg = Release|x64
		{3BDB0F52-CE4F-4B82-874F-135037274D03}.Release|x64.Build.0 = Release|x64
		{3BDB0F52-CE4F-4B82-874F-135037274D03}.Release|x86.ActiveCfg = Release|Win32
		{3BDB0F52-CE4F-4B82-874F-135037274D03}.Release|x86.Build.0 = Release|Win32
	EndGlobalSection
	GlobalSection(SolutionProperties) = preSolution
		HideSolutionNode = FALSE
	EndGlobalSection
	GlobalSection(ExtensibilityGlobals) = postSolution
		SolutionGuid = {D8EC27AD-3D45-47D8-AD78-0E110273BF26}
	EndGlobalSection
EndGlobal
