
Microsoft Visual Studio Solution File, Format Version 12.00
# Visual Studio Version 16
VisualStudioVersion = 16.0.28922.388
MinimumVisualStudioVersion = 10.0.40219.1
Project("{8BC9CEB8-8B4A-11D0-8D11-00A0C91BC942}") = "位图", "位图.vcxproj", "{F9D53C95-5402-4B23-887A-860D47E482E0}"
EndProject
Global
	GlobalSection(SolutionConfigurationPlatforms) = preSolution
		Debug|x64 = Debug|x64
		Debug|x86 = Debug|x86
		Release|x64 = Release|x64
		Release|x86 = Release|x86
	EndGlobalSection
	GlobalSection(ProjectConfigurationPlatforms) = postSolution
		{F9D53C95-5402-4B23-887A-860D47E482E0}.Debug|x64.ActiveCfg = Debug|x64
		{F9D53C95-5402-4B23-887A-860D47E482E0}.Debug|x64.Build.0 = Debug|x64
		{F9D53C95-5402-4B23-887A-860D47E482E0}.Debug|x86.ActiveCfg = Debug|Win32
		{F9D53C95-5402-4B23-887A-860D47E482E0}.Debug|x86.Build.0 = Debug|Win32
		{F9D53C95-5402-4B23-887A-860D47E482E0}.Release|x64.ActiveCfg = Release|x64
		{F9D53C95-5402-4B23-887A-860D47E482E0}.Release|x64.Build.0 = Release|x64
		{F9D53C95-5402-4B23-887A-860D47E482E0}.Release|x86.ActiveCfg = Release|Win32
		{F9D53C95-5402-4B23-887A-860D47E482E0}.Release|x86.Build.0 = Release|Win32
	EndGlobalSection
	GlobalSection(SolutionProperties) = preSolution
		HideSolutionNode = FALSE
	EndGlobalSection
	GlobalSection(ExtensibilityGlobals) = postSolution
		SolutionGuid = {693EF0E2-324D-4793-B190-198B2B9A09B4}
	EndGlobalSection
EndGlobal
